PODS:
  - Flutter (1.0.0)
  - integration_test (0.0.1):
    - Flutter
  - leela_chess_zero (1.0.0):
    - Flutter
  - path_provider_foundation (0.0.1):
    - Flutter
    - FlutterMacOS

DEPENDENCIES:
  - Flutter (from `Flutter`)
  - integration_test (from `.symlinks/plugins/integration_test/ios`)
  - leela_chess_zero (from `.symlinks/plugins/leela_chess_zero/ios`)
  - path_provider_foundation (from `.symlinks/plugins/path_provider_foundation/darwin`)

EXTERNAL SOURCES:
  Flutter:
    :path: Flutter
  integration_test:
    :path: ".symlinks/plugins/integration_test/ios"
  leela_chess_zero:
    :path: ".symlinks/plugins/leela_chess_zero/ios"
  path_provider_foundation:
    :path: ".symlinks/plugins/path_provider_foundation/darwin"

SPEC CHECKSUMS:
  Flutter: cabc95a1d2626b1b06e7179b784ebcf0c0cde467
  integration_test: 252f60fa39af5e17c3aa9899d35d908a0721b573
  leela_chess_zero: 61e8ef916e484b8c24948119e06e4f30e6df2853
  path_provider_foundation: 0b743cbb62d8e47eab856f09262bb8c1ddcfe6ba

PODFILE CHECKSUM: 1791c0b07711c9282ca83bb84a2aae8f1e3ea853

COCOAPODS: 1.15.0
